// !$*UTF8*$!
{
	archiveVersion = 1;
	classes = {
	};
	objectVersion = 46;
	objects = {

/* Begin PBXBuildFile section */
		C9871932177B89BF0075F40D /* main.cpp in Sources */ = {isa = PBXBuildFile; fileRef = C987192E177B89BF0075F40D /* main.cpp */; };
		C9871935177B8A2F0075F40D /* main.cpp in Sources */ = {isa = PBXBuildFile; fileRef = C987192E177B89BF0075F40D /* main.cpp */; };
/* End PBXBuildFile section */

/* Begin PBXCopyFilesBuildPhase section */
		C987191A177B89530075F40D /* CopyFiles */ = {
			isa = PBXCopyFilesBuildPhase;
			buildActionMask = 2147483647;
			dstPath = /usr/share/man/man1/;
			dstSubfolderSpec = 0;
			files = (
			);
			runOnlyForDeploymentPostprocessing = 1;
		};
		C9871937177B8A2F0075F40D /* CopyFiles */ = {
			isa = PBXCopyFilesBuildPhase;
			buildActionMask = 2147483647;
			dstPath = /usr/share/man/man1/;
			dstSubfolderSpec = 0;
			files = (
			);
			runOnlyForDeploymentPostprocessing = 1;
		};
/* End PBXCopyFilesBuildPhase section */

/* Begin PBXFileReference section */
		C9066BC6177CD37A00E667AC /* assert.h */ = {isa = PBXFileReference; fileEncoding = 4; lastKnownFileType = sourcecode.c.h; path = assert.h; sourceTree = "<group>"; };
		C9066BC7177CD37A00E667AC /* Cells.h */ = {isa = PBXFileReference; fileEncoding = 4; lastKnownFileType = sourcecode.c.h; path = Cells.h; sourceTree = "<group>"; };
		C9066BC8177CD37A00E667AC /* data.h */ = {isa = PBXFileReference; fileEncoding = 4; lastKnownFileType = sourcecode.c.h; path = data.h; sourceTree = "<group>"; };
		C9066BC9177CD37A00E667AC /* Environment.h */ = {isa = PBXFileReference; fileEncoding = 4; lastKnownFileType = sourcecode.c.h; path = Environment.h; sourceTree = "<group>"; };
		C9066BCA177CD37A00E667AC /* prelude.h */ = {isa = PBXFileReference; fileEncoding = 4; lastKnownFileType = sourcecode.c.h; path = prelude.h; sourceTree = "<group>"; };
		C9066BCB177CD37A00E667AC /* reader.h */ = {isa = PBXFileReference; fileEncoding = 4; lastKnownFileType = sourcecode.c.h; path = reader.h; sourceTree = "<group>"; };
		C9066BCC177CD37A00E667AC /* test.h */ = {isa = PBXFileReference; fileEncoding = 4; lastKnownFileType = sourcecode.c.h; path = test.h; sourceTree = "<group>"; };
		C9066BCD177CD37A00E667AC /* util.h */ = {isa = PBXFileReference; fileEncoding = 4; lastKnownFileType = sourcecode.c.h; path = util.h; sourceTree = "<group>"; };
		C987191C177B89530075F40D /* elisp */ = {isa = PBXFileReference; explicitFileType = "compiled.mach-o.executable"; includeInIndex = 0; path = elisp; sourceTree = BUILT_PRODUCTS_DIR; };
		C9871929177B89BF0075F40D /* catch.hpp */ = {isa = PBXFileReference; fileEncoding = 4; lastKnownFileType = sourcecode.cpp.h; path = catch.hpp; sourceTree = SOURCE_ROOT; };
		C987192C177B89BF0075F40D /* elisp.h */ = {isa = PBXFileReference; fileEncoding = 4; lastKnownFileType = sourcecode.c.h; path = elisp.h; sourceTree = SOURCE_ROOT; };
		C987192E177B89BF0075F40D /* main.cpp */ = {isa = PBXFileReference; fileEncoding = 4; lastKnownFileType = sourcecode.cpp.cpp; path = main.cpp; sourceTree = SOURCE_ROOT; };
		C987193B177B8A2F0075F40D /* elisp copy */ = {isa = PBXFileReference; explicitFileType = "compiled.mach-o.executable"; includeInIndex = 0; path = "elisp copy"; sourceTree = BUILT_PRODUCTS_DIR; };
		C9AA28A21784D6FF0043A31F /* assert.h */ = {isa = PBXFileReference; fileEncoding = 4; lastKnownFileType = sourcecode.c.h; path = assert.h; sourceTree = "<group>"; };
		C9AA28A41784D6FF0043A31F /* data.h */ = {isa = PBXFileReference; fileEncoding = 4; lastKnownFileType = sourcecode.c.h; path = data.h; sourceTree = "<group>"; };
		C9AA28A51784D6FF0043A31F /* elispImpl.h */ = {isa = PBXFileReference; fileEncoding = 4; lastKnownFileType = sourcecode.c.h; path = elispImpl.h; sourceTree = "<group>"; };
		C9AA28A61784D6FF0043A31F /* EnvDecl.h */ = {isa = PBXFileReference; fileEncoding = 4; lastKnownFileType = sourcecode.c.h; path = EnvDecl.h; sourceTree = "<group>"; };
		C9AA28A81784D6FF0043A31F /* prelude.h */ = {isa = PBXFileReference; fileEncoding = 4; lastKnownFileType = sourcecode.c.h; path = prelude.h; sourceTree = "<group>"; };
		C9AA28AA1784D6FF0043A31F /* test.h */ = {isa = PBXFileReference; fileEncoding = 4; lastKnownFileType = sourcecode.c.h; path = test.h; sourceTree = "<group>"; };
/* End PBXFileReference section */

/* Begin PBXFrameworksBuildPhase section */
		C9871919177B89530075F40D /* Frameworks */ = {
			isa = PBXFrameworksBuildPhase;
			buildActionMask = 2147483647;
			files = (
			);
			runOnlyForDeploymentPostprocessing = 0;
		};
		C9871936177B8A2F0075F40D /* Frameworks */ = {
			isa = PBXFrameworksBuildPhase;
			buildActionMask = 2147483647;
			files = (
			);
			runOnlyForDeploymentPostprocessing = 0;
		};
/* End PBXFrameworksBuildPhase section */

/* Begin PBXGroup section */
		C9066BC3177CD37A00E667AC /* internal */ = {
			isa = PBXGroup;
			children = (
				C9AA28A21784D6FF0043A31F /* assert.h */,
				C9066BC7177CD37A00E667AC /* Cells.h */,
				C9AA28A41784D6FF0043A31F /* data.h */,
				C9AA28A51784D6FF0043A31F /* elispImpl.h */,
				C9AA28A61784D6FF0043A31F /* EnvDecl.h */,
				C9066BC9177CD37A00E667AC /* Environment.h */,
				C9AA28A81784D6FF0043A31F /* prelude.h */,
				C9066BCB177CD37A00E667AC /* reader.h */,
				C9AA28AA1784D6FF0043A31F /* test.h */,
				C9066BC6177CD37A00E667AC /* assert.h */,
				C9066BCD177CD37A00E667AC /* util.h */,
				C9066BC7177CD37A00E667AC /* Cells.h */,
				C9066BC8177CD37A00E667AC /* data.h */,
				C9066BC9177CD37A00E667AC /* Environment.h */,
				C9066BCA177CD37A00E667AC /* prelude.h */,
				C9066BCB177CD37A00E667AC /* reader.h */,
				C9066BCC177CD37A00E667AC /* test.h */,
				C9066BCD177CD37A00E667AC /* util.h */,
			);
			path = internal;
			sourceTree = SOURCE_ROOT;
		};
		C9871913177B89530075F40D = {
			isa = PBXGroup;
			children = (
				C987191E177B89540075F40D /* elisp */,
				C987191D177B89530075F40D /* Products */,
			);
			sourceTree = "<group>";
		};
		C987191D177B89530075F40D /* Products */ = {
			isa = PBXGroup;
			children = (
				C987191C177B89530075F40D /* elisp */,
				C987193B177B8A2F0075F40D /* elisp copy */,
			);
			name = Products;
			sourceTree = "<group>";
		};
		C987191E177B89540075F40D /* elisp */ = {
			isa = PBXGroup;
			children = (
				C9066BC3177CD37A00E667AC /* internal */,
				C9871929177B89BF0075F40D /* catch.hpp */,
				C987192C177B89BF0075F40D /* elisp.h */,
				C987192E177B89BF0075F40D /* main.cpp */,
			);
			path = elisp;
			sourceTree = "<group>";
		};
/* End PBXGroup section */

/* Begin PBXNativeTarget section */
		C987191B177B89530075F40D /* elisp */ = {
			isa = PBXNativeTarget;
			buildConfigurationList = C9871925177B89540075F40D /* Build configuration list for PBXNativeTarget "elisp" */;
			buildPhases = (
				C9871918177B89530075F40D /* Sources */,
				C9871919177B89530075F40D /* Frameworks */,
				C987191A177B89530075F40D /* CopyFiles */,
			);
			buildRules = (
			);
			dependencies = (
			);
			name = elisp;
			productName = elisp;
			productReference = C987191C177B89530075F40D /* elisp */;
			productType = "com.apple.product-type.tool";
		};
		C9871933177B8A2F0075F40D /* tests */ = {
			isa = PBXNativeTarget;
			buildConfigurationList = C9871938177B8A2F0075F40D /* Build configuration list for PBXNativeTarget "tests" */;
			buildPhases = (
				C9871934177B8A2F0075F40D /* Sources */,
				C9871936177B8A2F0075F40D /* Frameworks */,
				C9871937177B8A2F0075F40D /* CopyFiles */,
			);
			buildRules = (
			);
			dependencies = (
			);
			name = tests;
			productName = elisp;
			productReference = C987193B177B8A2F0075F40D /* elisp copy */;
			productType = "com.apple.product-type.tool";
		};
/* End PBXNativeTarget section */

/* Begin PBXProject section */
		C9871914177B89530075F40D /* Project object */ = {
			isa = PBXProject;
			attributes = {
				LastUpgradeCheck = 0460;
				ORGANIZATIONNAME = "Graham Pentheny";
			};
			buildConfigurationList = C9871917177B89530075F40D /* Build configuration list for PBXProject "elisp" */;
			compatibilityVersion = "Xcode 3.2";
			developmentRegion = English;
			hasScannedForEncodings = 0;
			knownRegions = (
				en,
			);
			mainGroup = C9871913177B89530075F40D;
			productRefGroup = C987191D177B89530075F40D /* Products */;
			projectDirPath = "";
			projectRoot = "";
			targets = (
				C987191B177B89530075F40D /* elisp */,
				C9871933177B8A2F0075F40D /* tests */,
			);
		};
/* End PBXProject section */

/* Begin PBXSourcesBuildPhase section */
		C9871918177B89530075F40D /* Sources */ = {
			isa = PBXSourcesBuildPhase;
			buildActionMask = 2147483647;
			files = (
				C9871932177B89BF0075F40D /* main.cpp in Sources */,
			);
			runOnlyForDeploymentPostprocessing = 0;
		};
		C9871934177B8A2F0075F40D /* Sources */ = {
			isa = PBXSourcesBuildPhase;
			buildActionMask = 2147483647;
			files = (
				C9871935177B8A2F0075F40D /* main.cpp in Sources */,
			);
			runOnlyForDeploymentPostprocessing = 0;
		};
/* End PBXSourcesBuildPhase section */

/* Begin XCBuildConfiguration section */
		C9871923177B89540075F40D /* Debug */ = {
			isa = XCBuildConfiguration;
			buildSettings = {
				ALWAYS_SEARCH_USER_PATHS = NO;
				ARCHS = "$(ARCHS_STANDARD_64_BIT)";
				CLANG_CXX_LANGUAGE_STANDARD = "gnu++0x";
				CLANG_CXX_LIBRARY = "libc++";
				CLANG_WARN_CONSTANT_CONVERSION = YES;
				CLANG_WARN_EMPTY_BODY = YES;
				CLANG_WARN_ENUM_CONVERSION = YES;
				CLANG_WARN_INT_CONVERSION = YES;
				CLANG_WARN__DUPLICATE_METHOD_MATCH = YES;
				COPY_PHASE_STRIP = NO;
				GCC_C_LANGUAGE_STANDARD = gnu99;
				GCC_DYNAMIC_NO_PIC = NO;
				GCC_ENABLE_OBJC_EXCEPTIONS = YES;
				GCC_OPTIMIZATION_LEVEL = 0;
				GCC_PREPROCESSOR_DEFINITIONS = (
					"DEBUG=1",
					"$(inherited)",
				);
				GCC_SYMBOLS_PRIVATE_EXTERN = NO;
				GCC_WARN_64_TO_32_BIT_CONVERSION = YES;
				GCC_WARN_ABOUT_RETURN_TYPE = YES;
				GCC_WARN_UNINITIALIZED_AUTOS = YES;
				GCC_WARN_UNUSED_VARIABLE = YES;
				MACOSX_DEPLOYMENT_TARGET = 10.8;
				ONLY_ACTIVE_ARCH = YES;
				SDKROOT = macosx;
			};
			name = Debug;
		};
		C9871924177B89540075F40D /* Release */ = {
			isa = XCBuildConfiguration;
			buildSettings = {
				ALWAYS_SEARCH_USER_PATHS = NO;
				ARCHS = "$(ARCHS_STANDARD_64_BIT)";
				CLANG_CXX_LANGUAGE_STANDARD = "gnu++0x";
				CLANG_CXX_LIBRARY = "libc++";
				CLANG_WARN_CONSTANT_CONVERSION = YES;
				CLANG_WARN_EMPTY_BODY = YES;
				CLANG_WARN_ENUM_CONVERSION = YES;
				CLANG_WARN_INT_CONVERSION = YES;
				CLANG_WARN__DUPLICATE_METHOD_MATCH = YES;
				COPY_PHASE_STRIP = YES;
				DEBUG_INFORMATION_FORMAT = "dwarf-with-dsym";
				GCC_C_LANGUAGE_STANDARD = gnu99;
				GCC_ENABLE_OBJC_EXCEPTIONS = YES;
				GCC_WARN_64_TO_32_BIT_CONVERSION = YES;
				GCC_WARN_ABOUT_RETURN_TYPE = YES;
				GCC_WARN_UNINITIALIZED_AUTOS = YES;
				GCC_WARN_UNUSED_VARIABLE = YES;
				MACOSX_DEPLOYMENT_TARGET = 10.8;
				SDKROOT = macosx;
			};
			name = Release;
		};
		C9871926177B89540075F40D /* Debug */ = {
			isa = XCBuildConfiguration;
			buildSettings = {
				PRODUCT_NAME = "$(TARGET_NAME)";
			};
			name = Debug;
		};
		C9871927177B89540075F40D /* Release */ = {
			isa = XCBuildConfiguration;
			buildSettings = {
				PRODUCT_NAME = "$(TARGET_NAME)";
			};
			name = Release;
		};
		C9871939177B8A2F0075F40D /* Debug */ = {
			isa = XCBuildConfiguration;
			buildSettings = {
				GCC_PREPROCESSOR_DEFINITIONS = (
					"DEBUG=1",
					"$(inherited)",
					ELISP_TEST,
				);
				PRODUCT_NAME = "elisp copy";
			};
			name = Debug;
		};
		C987193A177B8A2F0075F40D /* Release */ = {
			isa = XCBuildConfiguration;
			buildSettings = {
				GCC_PREPROCESSOR_DEFINITIONS = ELISP_TEST;
				PRODUCT_NAME = "elisp copy";
			};
			name = Release;
		};
/* End XCBuildConfiguration section */

/* Begin XCConfigurationList section */
		C9871917177B89530075F40D /* Build configuration list for PBXProject "elisp" */ = {
			isa = XCConfigurationList;
			buildConfigurations = (
				C9871923177B89540075F40D /* Debug */,
				C9871924177B89540075F40D /* Release */,
			);
			defaultConfigurationIsVisible = 0;
			defaultConfigurationName = Release;
		};
		C9871925177B89540075F40D /* Build configuration list for PBXNativeTarget "elisp" */ = {
			isa = XCConfigurationList;
			buildConfigurations = (
				C9871926177B89540075F40D /* Debug */,
				C9871927177B89540075F40D /* Release */,
			);
			defaultConfigurationIsVisible = 0;
			defaultConfigurationName = Release;
		};
		C9871938177B8A2F0075F40D /* Build configuration list for PBXNativeTarget "tests" */ = {
			isa = XCConfigurationList;
			buildConfigurations = (
				C9871939177B8A2F0075F40D /* Debug */,
				C987193A177B8A2F0075F40D /* Release */,
			);
			defaultConfigurationIsVisible = 0;
			defaultConfigurationName = Release;
		};
/* End XCConfigurationList section */
	};
	rootObject = C9871914177B89530075F40D /* Project object */;
}
