// !$*UTF8*$!
{
	archiveVersion = 1;
	classes = {
	};
	objectVersion = 46;
	objects = {

/* Begin PBXBuildFile section */
		C936C9B71A477BA300A4EC31 /* main.cpp in Sources */ = {isa = PBXBuildFile; fileRef = C936C9B61A477BA300A4EC31 /* main.cpp */; };
		C936C9BE1A478A5800A4EC31 /* cells.cpp in Sources */ = {isa = PBXBuildFile; fileRef = C936C9BD1A478A5800A4EC31 /* cells.cpp */; };
		C936C9C01A47FFEE00A4EC31 /* util.cpp in Sources */ = {isa = PBXBuildFile; fileRef = C936C9BF1A47FFEE00A4EC31 /* util.cpp */; };
/* End PBXBuildFile section */

/* Begin PBXCopyFilesBuildPhase section */
		C936C9A31A477ADD00A4EC31 /* CopyFiles */ = {
			isa = PBXCopyFilesBuildPhase;
			buildActionMask = 2147483647;
			dstPath = /usr/share/man/man1/;
			dstSubfolderSpec = 0;
			files = (
			);
			runOnlyForDeploymentPostprocessing = 1;
		};
/* End PBXCopyFilesBuildPhase section */

/* Begin PBXFileReference section */
		C936C9A51A477ADD00A4EC31 /* elisp */ = {isa = PBXFileReference; explicitFileType = "compiled.mach-o.executable"; includeInIndex = 0; path = elisp; sourceTree = BUILT_PRODUCTS_DIR; };
		C936C9B01A477B3700A4EC31 /* elisp.h */ = {isa = PBXFileReference; fileEncoding = 4; lastKnownFileType = sourcecode.c.h; path = elisp.h; sourceTree = "<group>"; };
		C936C9B21A477B3700A4EC31 /* elispImpl.h */ = {isa = PBXFileReference; fileEncoding = 4; lastKnownFileType = sourcecode.c.h; path = elispImpl.h; sourceTree = "<group>"; };
		C936C9B31A477B3700A4EC31 /* test.h */ = {isa = PBXFileReference; fileEncoding = 4; lastKnownFileType = sourcecode.c.h; path = test.h; sourceTree = "<group>"; };
		C936C9B51A477B4700A4EC31 /* catch.hpp */ = {isa = PBXFileReference; lastKnownFileType = sourcecode.cpp.h; path = catch.hpp; sourceTree = "<group>"; };
		C936C9B61A477BA300A4EC31 /* main.cpp */ = {isa = PBXFileReference; fileEncoding = 4; lastKnownFileType = sourcecode.cpp.cpp; path = main.cpp; sourceTree = "<group>"; };
		C936C9B81A477C0700A4EC31 /* cells.h */ = {isa = PBXFileReference; lastKnownFileType = sourcecode.c.h; path = cells.h; sourceTree = "<group>"; };
		C936C9B91A477FC100A4EC31 /* program.h */ = {isa = PBXFileReference; explicitFileType = sourcecode.cpp.h; path = program.h; sourceTree = "<group>"; };
		C936C9BA1A4783AE00A4EC31 /* util.h */ = {isa = PBXFileReference; lastKnownFileType = sourcecode.c.h; path = util.h; sourceTree = "<group>"; };
		C936C9BB1A47885800A4EC31 /* environment.h */ = {isa = PBXFileReference; lastKnownFileType = sourcecode.c.h; path = environment.h; sourceTree = "<group>"; };
		C936C9BC1A4789EE00A4EC31 /* tokenstream.h */ = {isa = PBXFileReference; lastKnownFileType = sourcecode.c.h; path = tokenstream.h; sourceTree = "<group>"; };
		C936C9BD1A478A5800A4EC31 /* cells.cpp */ = {isa = PBXFileReference; fileEncoding = 4; lastKnownFileType = sourcecode.cpp.cpp; path = cells.cpp; sourceTree = "<group>"; };
		C936C9BF1A47FFEE00A4EC31 /* util.cpp */ = {isa = PBXFileReference; fileEncoding = 4; lastKnownFileType = sourcecode.cpp.cpp; path = util.cpp; sourceTree = "<group>"; };
/* End PBXFileReference section */

/* Begin PBXFrameworksBuildPhase section */
		C936C9A21A477ADD00A4EC31 /* Frameworks */ = {
			isa = PBXFrameworksBuildPhase;
			buildActionMask = 2147483647;
			files = (
			);
			runOnlyForDeploymentPostprocessing = 0;
		};
/* End PBXFrameworksBuildPhase section */

/* Begin PBXGroup section */
		C936C99C1A477ADD00A4EC31 = {
			isa = PBXGroup;
			children = (
				C936C9B61A477BA300A4EC31 /* main.cpp */,
				C936C9AF1A477B3700A4EC31 /* src */,
				C936C9B41A477B4700A4EC31 /* lib */,
				C936C9A61A477ADD00A4EC31 /* Products */,
			);
			sourceTree = "<group>";
		};
		C936C9A61A477ADD00A4EC31 /* Products */ = {
			isa = PBXGroup;
			children = (
				C936C9A51A477ADD00A4EC31 /* elisp */,
			);
			name = Products;
			sourceTree = "<group>";
		};
		C936C9AF1A477B3700A4EC31 /* src */ = {
			isa = PBXGroup;
			children = (
				C936C9B01A477B3700A4EC31 /* elisp.h */,
				C936C9B11A477B3700A4EC31 /* internal */,
			);
			path = src;
			sourceTree = SOURCE_ROOT;
		};
		C936C9B11A477B3700A4EC31 /* internal */ = {
			isa = PBXGroup;
			children = (
				C936C9B21A477B3700A4EC31 /* elispImpl.h */,
				C936C9B31A477B3700A4EC31 /* test.h */,
				C936C9B81A477C0700A4EC31 /* cells.h */,
				C936C9B91A477FC100A4EC31 /* program.h */,
				C936C9BA1A4783AE00A4EC31 /* util.h */,
				C936C9BB1A47885800A4EC31 /* environment.h */,
				C936C9BC1A4789EE00A4EC31 /* tokenstream.h */,
				C936C9BD1A478A5800A4EC31 /* cells.cpp */,
				C936C9BF1A47FFEE00A4EC31 /* util.cpp */,
			);
			path = internal;
			sourceTree = "<group>";
		};
		C936C9B41A477B4700A4EC31 /* lib */ = {
			isa = PBXGroup;
			children = (
				C936C9B51A477B4700A4EC31 /* catch.hpp */,
			);
			path = lib;
			sourceTree = SOURCE_ROOT;
		};
/* End PBXGroup section */

/* Begin PBXNativeTarget section */
		C936C9A41A477ADD00A4EC31 /* elisp */ = {
			isa = PBXNativeTarget;
			buildConfigurationList = C936C9AC1A477ADD00A4EC31 /* Build configuration list for PBXNativeTarget "elisp" */;
			buildPhases = (
				C936C9A11A477ADD00A4EC31 /* Sources */,
				C936C9A21A477ADD00A4EC31 /* Frameworks */,
				C936C9A31A477ADD00A4EC31 /* CopyFiles */,
			);
			buildRules = (
			);
			dependencies = (
			);
			name = elisp;
			productName = elisp;
			productReference = C936C9A51A477ADD00A4EC31 /* elisp */;
			productType = "com.apple.product-type.tool";
		};
/* End PBXNativeTarget section */

/* Begin PBXProject section */
		C936C99D1A477ADD00A4EC31 /* Project object */ = {
			isa = PBXProject;
			attributes = {
				LastUpgradeCheck = 0610;
				ORGANIZATIONNAME = "Graham Pentheny";
				TargetAttributes = {
					C936C9A41A477ADD00A4EC31 = {
						CreatedOnToolsVersion = 6.1.1;
					};
				};
			};
			buildConfigurationList = C936C9A01A477ADD00A4EC31 /* Build configuration list for PBXProject "elisp" */;
			compatibilityVersion = "Xcode 3.2";
			developmentRegion = English;
			hasScannedForEncodings = 0;
			knownRegions = (
				en,
			);
			mainGroup = C936C99C1A477ADD00A4EC31;
			productRefGroup = C936C9A61A477ADD00A4EC31 /* Products */;
			projectDirPath = "";
			projectRoot = "";
			targets = (
				C936C9A41A477ADD00A4EC31 /* elisp */,
			);
		};
/* End PBXProject section */

/* Begin PBXSourcesBuildPhase section */
		C936C9A11A477ADD00A4EC31 /* Sources */ = {
			isa = PBXSourcesBuildPhase;
			buildActionMask = 2147483647;
			files = (
				C936C9B71A477BA300A4EC31 /* main.cpp in Sources */,
				C936C9BE1A478A5800A4EC31 /* cells.cpp in Sources */,
				C936C9C01A47FFEE00A4EC31 /* util.cpp in Sources */,
			);
			runOnlyForDeploymentPostprocessing = 0;
		};
/* End PBXSourcesBuildPhase section */

/* Begin XCBuildConfiguration section */
		C936C9AA1A477ADD00A4EC31 /* Debug */ = {
			isa = XCBuildConfiguration;
			buildSettings = {
				ALWAYS_SEARCH_USER_PATHS = NO;
				CLANG_CXX_LANGUAGE_STANDARD = "gnu++0x";
				CLANG_CXX_LIBRARY = "libc++";
				CLANG_ENABLE_MODULES = YES;
				CLANG_ENABLE_OBJC_ARC = YES;
				CLANG_WARN_BOOL_CONVERSION = YES;
				CLANG_WARN_CONSTANT_CONVERSION = YES;
				CLANG_WARN_DIRECT_OBJC_ISA_USAGE = YES_ERROR;
				CLANG_WARN_EMPTY_BODY = YES;
				CLANG_WARN_ENUM_CONVERSION = YES;
				CLANG_WARN_INT_CONVERSION = YES;
				CLANG_WARN_OBJC_ROOT_CLASS = YES_ERROR;
				CLANG_WARN_UNREACHABLE_CODE = YES;
				CLANG_WARN__DUPLICATE_METHOD_MATCH = YES;
				COPY_PHASE_STRIP = NO;
				ENABLE_STRICT_OBJC_MSGSEND = YES;
				GCC_C_LANGUAGE_STANDARD = gnu99;
				GCC_DYNAMIC_NO_PIC = NO;
				GCC_OPTIMIZATION_LEVEL = 0;
				GCC_PREPROCESSOR_DEFINITIONS = (
					"DEBUG=1",
					"$(inherited)",
				);
				GCC_SYMBOLS_PRIVATE_EXTERN = NO;
				GCC_WARN_64_TO_32_BIT_CONVERSION = YES;
				GCC_WARN_ABOUT_RETURN_TYPE = YES_ERROR;
				GCC_WARN_UNDECLARED_SELECTOR = YES;
				GCC_WARN_UNINITIALIZED_AUTOS = YES_AGGRESSIVE;
				GCC_WARN_UNUSED_FUNCTION = YES;
				GCC_WARN_UNUSED_VARIABLE = YES;
				MACOSX_DEPLOYMENT_TARGET = 10.10;
				MTL_ENABLE_DEBUG_INFO = YES;
				ONLY_ACTIVE_ARCH = YES;
				SDKROOT = macosx;
			};
			name = Debug;
		};
		C936C9AB1A477ADD00A4EC31 /* Release */ = {
			isa = XCBuildConfiguration;
			buildSettings = {
				ALWAYS_SEARCH_USER_PATHS = NO;
				CLANG_CXX_LANGUAGE_STANDARD = "gnu++0x";
				CLANG_CXX_LIBRARY = "libc++";
				CLANG_ENABLE_MODULES = YES;
				CLANG_ENABLE_OBJC_ARC = YES;
				CLANG_WARN_BOOL_CONVERSION = YES;
				CLANG_WARN_CONSTANT_CONVERSION = YES;
				CLANG_WARN_DIRECT_OBJC_ISA_USAGE = YES_ERROR;
				CLANG_WARN_EMPTY_BODY = YES;
				CLANG_WARN_ENUM_CONVERSION = YES;
				CLANG_WARN_INT_CONVERSION = YES;
				CLANG_WARN_OBJC_ROOT_CLASS = YES_ERROR;
				CLANG_WARN_UNREACHABLE_CODE = YES;
				CLANG_WARN__DUPLICATE_METHOD_MATCH = YES;
				COPY_PHASE_STRIP = YES;
				DEBUG_INFORMATION_FORMAT = "dwarf-with-dsym";
				ENABLE_NS_ASSERTIONS = NO;
				ENABLE_STRICT_OBJC_MSGSEND = YES;
				GCC_C_LANGUAGE_STANDARD = gnu99;
				GCC_WARN_64_TO_32_BIT_CONVERSION = YES;
				GCC_WARN_ABOUT_RETURN_TYPE = YES_ERROR;
				GCC_WARN_UNDECLARED_SELECTOR = YES;
				GCC_WARN_UNINITIALIZED_AUTOS = YES_AGGRESSIVE;
				GCC_WARN_UNUSED_FUNCTION = YES;
				GCC_WARN_UNUSED_VARIABLE = YES;
				MACOSX_DEPLOYMENT_TARGET = 10.10;
				MTL_ENABLE_DEBUG_INFO = NO;
				SDKROOT = macosx;
			};
			name = Release;
		};
		C936C9AD1A477ADD00A4EC31 /* Debug */ = {
			isa = XCBuildConfiguration;
			buildSettings = {
				PRODUCT_NAME = "$(TARGET_NAME)";
			};
			name = Debug;
		};
		C936C9AE1A477ADD00A4EC31 /* Release */ = {
			isa = XCBuildConfiguration;
			buildSettings = {
				PRODUCT_NAME = "$(TARGET_NAME)";
			};
			name = Release;
		};
/* End XCBuildConfiguration section */

/* Begin XCConfigurationList section */
		C936C9A01A477ADD00A4EC31 /* Build configuration list for PBXProject "elisp" */ = {
			isa = XCConfigurationList;
			buildConfigurations = (
				C936C9AA1A477ADD00A4EC31 /* Debug */,
				C936C9AB1A477ADD00A4EC31 /* Release */,
			);
			defaultConfigurationIsVisible = 0;
			defaultConfigurationName = Release;
		};
		C936C9AC1A477ADD00A4EC31 /* Build configuration list for PBXNativeTarget "elisp" */ = {
			isa = XCConfigurationList;
			buildConfigurations = (
				C936C9AD1A477ADD00A4EC31 /* Debug */,
				C936C9AE1A477ADD00A4EC31 /* Release */,
			);
			defaultConfigurationIsVisible = 0;
			defaultConfigurationName = Release;
		};
/* End XCConfigurationList section */
	};
	rootObject = C936C99D1A477ADD00A4EC31 /* Project object */;
}
